{
  "name": "event-system",
  "version": "1.0.0",
  "lockfileVersion": 1,
  "requires": true,
  "dependencies": {
    "es6-enum": {
      "version": "1.1.0",
      "resolved": "https://registry.npmjs.org/es6-enum/-/es6-enum-1.1.0.tgz",
      "integrity": "sha1-byNIXZYXrS2qpC0N8wOEamSIo2E="
    }
  }
}
